<?xml version="1.0" encoding="UTF-8" standalone="yes" ?>
<CodeBlocks_project_file>
	<FileVersion major="1" minor="6" />
	<Project>
		<Option title="DS with C" />
		<Option pch_mode="2" />
		<Option compiler="gcc" />
		<Build>
			<Target title="Debug">
				<Option output="bin/Debug/DS with C" prefix_auto="1" extension_auto="1" />
				<Option object_output="obj/Debug/" />
				<Option type="1" />
				<Option compiler="gcc" />
				<Compiler>
					<Add option="-g" />
				</Compiler>
			</Target>
			<Target title="Release">
				<Option output="bin/Release/DS with C" prefix_auto="1" extension_auto="1" />
				<Option object_output="obj/Release/" />
				<Option type="1" />
				<Option compiler="gcc" />
				<Compiler>
					<Add option="-O2" />
				</Compiler>
				<Linker>
					<Add option="-s" />
				</Linker>
			</Target>
		</Build>
		<Compiler>
			<Add option="-Wall" />
		</Compiler>
<<<<<<< HEAD
<<<<<<< HEAD
		<Unit filename="Stack.c">
			<Option compilerVar="CC" />
		</Unit>
		<Extensions>
			<code_completion />
			<envvars />
			<debugger />
		</Extensions>
=======
		<Unit filename="CONVRT_IN_TO_PREFIX.c">
=======
		<Unit filename="CONVRT_IN_TO_POSTFIX_2.0.c">
>>>>>>> 582d568abb453605751e020b5d8efdba31096370
			<Option compilerVar="CC" />
		</Unit>
		<Extensions />
>>>>>>> dadd81906b75cf94c342c7d5a1f62e9dc21144c1
	</Project>
</CodeBlocks_project_file>
